{
    "_readme": [
        "This file locks the dependencies of your project to a known state",
        "Read more about it at https://getcomposer.org/doc/01-basic-usage.md#installing-dependencies",
        "This file is @generated automatically"
    ],
    "content-hash": "dd860f7b2a63a29516a633015c07e861",
    "packages": [
        {
            "name": "granam/czech-vocative",
            "version": "2.2.0",
            "source": {
                "type": "git",
                "url": "https://github.com/granam/czech-vocative.git",
                "reference": "c9ccf9e189ea56bbe78b0e71bf2212632cc6b7f3"
            },
            "dist": {
                "type": "zip",
                "url": "https://api.github.com/repos/granam/czech-vocative/zipball/c9ccf9e189ea56bbe78b0e71bf2212632cc6b7f3",
                "reference": "c9ccf9e189ea56bbe78b0e71bf2212632cc6b7f3",
                "shasum": ""
            },
            "require": {
                "ext-mbstring": "*",
                "php": ">=7.4"
            },
            "require-dev": {
                "phpunit/phpunit": ">=9.1",
                "rector/rector": "^0.14.2"
            },
            "type": "library",
            "autoload": {
                "psr-4": {
                    "Granam\\CzechVocative\\": "src"
                }
            },
            "notification-url": "https://packagist.org/downloads/",
            "license": [
                "MIT"
            ],
            "authors": [
                {
                    "name": "Petr Joachim",
                    "email": "petr@joachim.cz"
                },
                {
                    "name": "Jaroslav Týc",
                    "email": "mail@jaroslavtyc.com"
                }
            ],
            "description": "Inflect czech names and surnames.",
            "support": {
                "issues": "https://github.com/granam/czech-vocative/issues",
                "source": "https://github.com/granam/czech-vocative/tree/2.2.0"
            },
            "time": "2022-09-05T10:42:07+00:00"
        },
        {
            "name": "tamtamchik/namecase",
            "version": "3.0.0",
            "source": {
                "type": "git",
                "url": "https://github.com/tamtamchik/namecase.git",
                "reference": "f963f321a3afbde83f1bb1bda1d53b848c7015dd"
            },
            "dist": {
                "type": "zip",
                "url": "https://api.github.com/repos/tamtamchik/namecase/zipball/f963f321a3afbde83f1bb1bda1d53b848c7015dd",
                "reference": "f963f321a3afbde83f1bb1bda1d53b848c7015dd",
                "shasum": ""
            },
            "require": {
                "ext-mbstring": "*",
                "php": ">=7.3"
            },
            "require-dev": {
                "phpunit/phpunit": "^9",
                "scrutinizer/ocular": "^1"
            },
            "type": "library",
            "extra": {
                "branch-alias": {
                    "dev-master": "3.0-dev",
                    "2.x": "2.x-dev",
                    "1.x": "1.x-dev"
                }
            },
            "autoload": {
                "files": [
                    "src/function.php"
                ],
                "psr-4": {
                    "Tamtamchik\\NameCase\\": "src"
                }
            },
            "notification-url": "https://packagist.org/downloads/",
            "license": [
                "MIT"
            ],
            "authors": [
                {
                    "name": "Yuri Tkachenko",
                    "email": "yuri.tam.tkachenko@gmail.com",
                    "homepage": "https://tamtamchika.net"
                }
            ],
            "description": "This package allows you to convert names into the correct case where possible.",
            "homepage": "https://github.com/tamtamchik/namecase",
            "keywords": [
                "cased",
                "namecase",
                "properly",
                "strings",
                "tamtamchik"
            ],
            "support": {
                "issues": "https://github.com/tamtamchik/namecase/issues",
                "source": "https://github.com/tamtamchik/namecase/tree/3.0.0"
            },
            "time": "2023-01-26T15:07:18+00:00"
        }
    ],
    "packages-dev": [],
    "aliases": [],
    "minimum-stability": "stable",
    "stability-flags": [],
    "prefer-stable": false,
    "prefer-lowest": false,
    "platform": [],
    "platform-dev": [],
    "plugin-api-version": "2.3.0"
}
